PODS:
  - ClearKeyboardHandler (0.0.1)

DEPENDENCIES:
  - ClearKeyboardHandler (from `..`)

EXTERNAL SOURCES:
  ClearKeyboardHandler:
    :path: ".."

SPEC CHECKSUMS:
  ClearKeyboardHandler: a4e67065c79e6fdea15cf1be19433fef6e4eae56

PODFILE CHECKSUM: 94ae2658c9941a2e9341a881e75e8c6a7edce4b5

COCOAPODS: 1.11.3
