PODS:
  - ClearKeyboardHandler (0.0.2)

DEPENDENCIES:
  - ClearKeyboardHandler (from `../`)

EXTERNAL SOURCES:
  ClearKeyboardHandler:
    :path: "../"

SPEC CHECKSUMS:
  ClearKeyboardHandler: 28e53c0313fc1d80e46a6a390890641cfc2906bd

PODFILE CHECKSUM: 5d92ae0243bf3cb4a79d966a90994ec8d93e119b

COCOAPODS: 1.11.3
